
Microsoft Visual Studio Solution File, Format Version 12.00
# Visual Studio Version 17
VisualStudioVersion = 17.7.34031.279
MinimumVisualStudioVersion = 10.0.40219.1
Project("{FAE04EC0-301F-11D3-BF4B-00C04F79EFBC}") = "ControlTestForDotNetCore", "ControlTestForDotNetCore\ControlTestForDotNetCore.csproj", "{0F63EFC4-DA3C-419B-A663-404C88D8123D}"
EndProject
Global
	GlobalSection(SolutionConfigurationPlatforms) = preSolution
		Debug|Any CPU = Debug|Any CPU
		Release|Any CPU = Release|Any CPU
	EndGlobalSection
	GlobalSection(ProjectConfigurationPlatforms) = postSolution
		{6BDB8FDE-B00C-45B9-911C-CDCD4CC9D99B}.Debug|Any CPU.ActiveCfg = Debug|Any CPU
		{6BDB8FDE-B00C-45B9-911C-CDCD4CC9D99B}.Debug|Any CPU.Build.0 = Debug|Any CPU
		{6BDB8FDE-B00C-45B9-911C-CDCD4CC9D99B}.Release|Any CPU.ActiveCfg = Release|Any CPU
		{6BDB8FDE-B00C-45B9-911C-CDCD4CC9D99B}.Release|Any CPU.Build.0 = Release|Any CPU
		{0F63EFC4-DA3C-419B-A663-404C88D8123D}.Debug|Any CPU.ActiveCfg = Debug|Any CPU
		{0F63EFC4-DA3C-419B-A663-404C88D8123D}.Debug|Any CPU.Build.0 = Debug|Any CPU
		{0F63EFC4-DA3C-419B-A663-404C88D8123D}.Release|Any CPU.ActiveCfg = Release|Any CPU
		{0F63EFC4-DA3C-419B-A663-404C88D8123D}.Release|Any CPU.Build.0 = Release|Any CPU
	EndGlobalSection
	GlobalSection(SolutionProperties) = preSolution
		HideSolutionNode = FALSE
	EndGlobalSection
	GlobalSection(ExtensibilityGlobals) = postSolution
		SolutionGuid = {8F05765C-87C5-4747-8EFE-4AAD331FA393}
	EndGlobalSection
EndGlobal
